
Microsoft Visual Studio Solution File, Format Version 12.00
# Visual Studio Version 17
VisualStudioVersion = 17.9.34728.123
MinimumVisualStudioVersion = 10.0.40219.1
Project("{FAE04EC0-301F-11D3-BF4B-00C04F79EFBC}") = "Examen_Final", "Examen_Final\Examen_Final.csproj", "{BD73D316-B35D-482A-8A8E-A17F7E54E92A}"
EndProject
Global
	GlobalSection(SolutionConfigurationPlatforms) = preSolution
		Debug|Any CPU = Debug|Any CPU
		Release|Any CPU = Release|Any CPU
	EndGlobalSection
	GlobalSection(ProjectConfigurationPlatforms) = postSolution
		{BD73D316-B35D-482A-8A8E-A17F7E54E92A}.Debug|Any CPU.ActiveCfg = Debug|Any CPU
		{BD73D316-B35D-482A-8A8E-A17F7E54E92A}.Debug|Any CPU.Build.0 = Debug|Any CPU
		{BD73D316-B35D-482A-8A8E-A17F7E54E92A}.Release|Any CPU.ActiveCfg = Release|Any CPU
		{BD73D316-B35D-482A-8A8E-A17F7E54E92A}.Release|Any CPU.Build.0 = Release|Any CPU
	EndGlobalSection
	GlobalSection(SolutionProperties) = preSolution
		HideSolutionNode = FALSE
	EndGlobalSection
	GlobalSection(ExtensibilityGlobals) = postSolution
		SolutionGuid = {8732EECB-AF35-491A-9A83-8E80AE29D87F}
	EndGlobalSection
EndGlobal
